
Microsoft Visual Studio Solution File, Format Version 12.00
Project("{FAE04EC0-301F-11D3-BF4B-00C04F79EFBC}") = "ThreadSpark.Core", "ThreadSpark.Core\ThreadSpark.Core.csproj", "{BB6D0FB9-F72A-483F-9798-B28A21076F13}"
EndProject
Project("{2150E333-8FDC-42A3-9474-1A3956D46DE8}") = "Tests", "Tests", "{41F24B69-96EA-467C-BAA8-3F2EB6167362}"
EndProject
Project("{FAE04EC0-301F-11D3-BF4B-00C04F79EFBC}") = "ThreadSpark.Core.Tests", "ThreadSpark.Core.Tests\ThreadSpark.Core.Tests\ThreadSpark.Core.Tests.csproj", "{D11C060D-F004-4B84-A6B2-E1A9C361A715}"
EndProject
Global
	GlobalSection(SolutionConfigurationPlatforms) = preSolution
		Debug|Any CPU = Debug|Any CPU
		Release|Any CPU = Release|Any CPU
	EndGlobalSection
	GlobalSection(ProjectConfigurationPlatforms) = postSolution
		{BB6D0FB9-F72A-483F-9798-B28A21076F13}.Debug|Any CPU.ActiveCfg = Debug|Any CPU
		{BB6D0FB9-F72A-483F-9798-B28A21076F13}.Debug|Any CPU.Build.0 = Debug|Any CPU
		{BB6D0FB9-F72A-483F-9798-B28A21076F13}.Release|Any CPU.ActiveCfg = Release|Any CPU
		{BB6D0FB9-F72A-483F-9798-B28A21076F13}.Release|Any CPU.Build.0 = Release|Any CPU
		{D11C060D-F004-4B84-A6B2-E1A9C361A715}.Debug|Any CPU.ActiveCfg = Debug|Any CPU
		{D11C060D-F004-4B84-A6B2-E1A9C361A715}.Debug|Any CPU.Build.0 = Debug|Any CPU
		{D11C060D-F004-4B84-A6B2-E1A9C361A715}.Release|Any CPU.ActiveCfg = Release|Any CPU
		{D11C060D-F004-4B84-A6B2-E1A9C361A715}.Release|Any CPU.Build.0 = Release|Any CPU
	EndGlobalSection
	GlobalSection(NestedProjects) = preSolution
		{D11C060D-F004-4B84-A6B2-E1A9C361A715} = {41F24B69-96EA-467C-BAA8-3F2EB6167362}
	EndGlobalSection
EndGlobal
